// !$*UTF8*$!
{
	archiveVersion = 1;
	classes = {
	};
	objectVersion = 55;
	objects = {

/* Begin PBXBuildFile section */
		81C6525826A1C20B00F0EA35 /* PracticalCoreDataApp.swift in Sources */ = {isa = PBXBuildFile; fileRef = 81C6525726A1C20B00F0EA35 /* PracticalCoreDataApp.swift */; };
		81C6525A26A1C20B00F0EA35 /* MovieListView.swift in Sources */ = {isa = PBXBuildFile; fileRef = 81C6525926A1C20B00F0EA35 /* MovieListView.swift */; };
		81C6525C26A1C20C00F0EA35 /* Assets.xcassets in Resources */ = {isa = PBXBuildFile; fileRef = 81C6525B26A1C20C00F0EA35 /* Assets.xcassets */; };
		81C6525F26A1C20C00F0EA35 /* Preview Assets.xcassets in Resources */ = {isa = PBXBuildFile; fileRef = 81C6525E26A1C20C00F0EA35 /* Preview Assets.xcassets */; };
		81C6526726A1C2B400F0EA35 /* PracticalCoreData.xcdatamodeld in Sources */ = {isa = PBXBuildFile; fileRef = 81C6526526A1C2B400F0EA35 /* PracticalCoreData.xcdatamodeld */; };
		81C6526926A1C3AF00F0EA35 /* StorageProvider.swift in Sources */ = {isa = PBXBuildFile; fileRef = 81C6526826A1C3AF00F0EA35 /* StorageProvider.swift */; };
		81C6527126A1DB5D00F0EA35 /* Introspect in Frameworks */ = {isa = PBXBuildFile; productRef = 81C6527026A1DB5D00F0EA35 /* Introspect */; };
		81C6527326A1E99F00F0EA35 /* MovieDetailView.swift in Sources */ = {isa = PBXBuildFile; fileRef = 81C6527226A1E99F00F0EA35 /* MovieDetailView.swift */; };
		81C6527526A1EFEC00F0EA35 /* MovieEditView.swift in Sources */ = {isa = PBXBuildFile; fileRef = 81C6527426A1EFEC00F0EA35 /* MovieEditView.swift */; };
		81C6528226A22D9D00F0EA35 /* Movie+CoreDataClass.swift in Sources */ = {isa = PBXBuildFile; fileRef = 81C6528026A22D9D00F0EA35 /* Movie+CoreDataClass.swift */; };
		81C6528326A22D9D00F0EA35 /* Movie+CoreDataProperties.swift in Sources */ = {isa = PBXBuildFile; fileRef = 81C6528126A22D9D00F0EA35 /* Movie+CoreDataProperties.swift */; };
		81D2A4A826A30F91004FB9CE /* Movie+PreviewProvider.swift in Sources */ = {isa = PBXBuildFile; fileRef = 81D2A4A726A30F91004FB9CE /* Movie+PreviewProvider.swift */; };
/* End PBXBuildFile section */

/* Begin PBXFileReference section */
		81C6525426A1C20B00F0EA35 /* PracticalCoreData.app */ = {isa = PBXFileReference; explicitFileType = wrapper.application; includeInIndex = 0; path = PracticalCoreData.app; sourceTree = BUILT_PRODUCTS_DIR; };
		81C6525726A1C20B00F0EA35 /* PracticalCoreDataApp.swift */ = {isa = PBXFileReference; lastKnownFileType = sourcecode.swift; path = PracticalCoreDataApp.swift; sourceTree = "<group>"; };
		81C6525926A1C20B00F0EA35 /* MovieListView.swift */ = {isa = PBXFileReference; lastKnownFileType = sourcecode.swift; path = MovieListView.swift; sourceTree = "<group>"; };
		81C6525B26A1C20C00F0EA35 /* Assets.xcassets */ = {isa = PBXFileReference; lastKnownFileType = folder.assetcatalog; path = Assets.xcassets; sourceTree = "<group>"; };
		81C6525E26A1C20C00F0EA35 /* Preview Assets.xcassets */ = {isa = PBXFileReference; lastKnownFileType = folder.assetcatalog; path = "Preview Assets.xcassets"; sourceTree = "<group>"; };
		81C6526626A1C2B400F0EA35 /* PracticalCoreData.xcdatamodel */ = {isa = PBXFileReference; lastKnownFileType = wrapper.xcdatamodel; path = PracticalCoreData.xcdatamodel; sourceTree = "<group>"; };
		81C6526826A1C3AF00F0EA35 /* StorageProvider.swift */ = {isa = PBXFileReference; lastKnownFileType = sourcecode.swift; path = StorageProvider.swift; sourceTree = "<group>"; };
		81C6527226A1E99F00F0EA35 /* MovieDetailView.swift */ = {isa = PBXFileReference; lastKnownFileType = sourcecode.swift; path = MovieDetailView.swift; sourceTree = "<group>"; };
		81C6527426A1EFEC00F0EA35 /* MovieEditView.swift */ = {isa = PBXFileReference; lastKnownFileType = sourcecode.swift; path = MovieEditView.swift; sourceTree = "<group>"; };
		81C6528026A22D9D00F0EA35 /* Movie+CoreDataClass.swift */ = {isa = PBXFileReference; lastKnownFileType = sourcecode.swift; path = "Movie+CoreDataClass.swift"; sourceTree = "<group>"; };
		81C6528126A22D9D00F0EA35 /* Movie+CoreDataProperties.swift */ = {isa = PBXFileReference; lastKnownFileType = sourcecode.swift; path = "Movie+CoreDataProperties.swift"; sourceTree = "<group>"; };
		81D2A4A726A30F91004FB9CE /* Movie+PreviewProvider.swift */ = {isa = PBXFileReference; lastKnownFileType = sourcecode.swift; path = "Movie+PreviewProvider.swift"; sourceTree = "<group>"; };
/* End PBXFileReference section */

/* Begin PBXFrameworksBuildPhase section */
		81C6525126A1C20B00F0EA35 /* Frameworks */ = {
			isa = PBXFrameworksBuildPhase;
			buildActionMask = 2147483647;
			files = (
				81C6527126A1DB5D00F0EA35 /* Introspect in Frameworks */,
			);
			runOnlyForDeploymentPostprocessing = 0;
		};
/* End PBXFrameworksBuildPhase section */

/* Begin PBXGroup section */
		81C6524B26A1C20B00F0EA35 = {
			isa = PBXGroup;
			children = (
				81C6525626A1C20B00F0EA35 /* PracticalCoreData */,
				81C6525526A1C20B00F0EA35 /* Products */,
			);
			sourceTree = "<group>";
		};
		81C6525526A1C20B00F0EA35 /* Products */ = {
			isa = PBXGroup;
			children = (
				81C6525426A1C20B00F0EA35 /* PracticalCoreData.app */,
			);
			name = Products;
			sourceTree = "<group>";
		};
		81C6525626A1C20B00F0EA35 /* PracticalCoreData */ = {
			isa = PBXGroup;
			children = (
				81C6525726A1C20B00F0EA35 /* PracticalCoreDataApp.swift */,
				81C6526A26A1C3B400F0EA35 /* Model */,
				81C6526B26A1C3B800F0EA35 /* Views */,
				81C6525B26A1C20C00F0EA35 /* Assets.xcassets */,
				81C6525D26A1C20C00F0EA35 /* Preview Content */,
			);
			path = PracticalCoreData;
			sourceTree = "<group>";
		};
		81C6525D26A1C20C00F0EA35 /* Preview Content */ = {
			isa = PBXGroup;
			children = (
				81C6525E26A1C20C00F0EA35 /* Preview Assets.xcassets */,
			);
			path = "Preview Content";
			sourceTree = "<group>";
		};
		81C6526A26A1C3B400F0EA35 /* Model */ = {
			isa = PBXGroup;
			children = (
				81C6528026A22D9D00F0EA35 /* Movie+CoreDataClass.swift */,
				81C6528126A22D9D00F0EA35 /* Movie+CoreDataProperties.swift */,
				81C6526526A1C2B400F0EA35 /* PracticalCoreData.xcdatamodeld */,
				81C6526826A1C3AF00F0EA35 /* StorageProvider.swift */,
				81D2A4A726A30F91004FB9CE /* Movie+PreviewProvider.swift */,
			);
			path = Model;
			sourceTree = "<group>";
		};
		81C6526B26A1C3B800F0EA35 /* Views */ = {
			isa = PBXGroup;
			children = (
				81C6525926A1C20B00F0EA35 /* MovieListView.swift */,
				81C6527226A1E99F00F0EA35 /* MovieDetailView.swift */,
				81C6527426A1EFEC00F0EA35 /* MovieEditView.swift */,
			);
			path = Views;
			sourceTree = "<group>";
		};
/* End PBXGroup section */

/* Begin PBXNativeTarget section */
		81C6525326A1C20B00F0EA35 /* PracticalCoreData */ = {
			isa = PBXNativeTarget;
			buildConfigurationList = 81C6526226A1C20C00F0EA35 /* Build configuration list for PBXNativeTarget "PracticalCoreData" */;
			buildPhases = (
				81C6525026A1C20B00F0EA35 /* Sources */,
				81C6525126A1C20B00F0EA35 /* Frameworks */,
				81C6525226A1C20B00F0EA35 /* Resources */,
			);
			buildRules = (
			);
			dependencies = (
			);
			name = PracticalCoreData;
			packageProductDependencies = (
				81C6527026A1DB5D00F0EA35 /* Introspect */,
			);
			productName = PracticalCoreData;
			productReference = 81C6525426A1C20B00F0EA35 /* PracticalCoreData.app */;
			productType = "com.apple.product-type.application";
		};
/* End PBXNativeTarget section */

/* Begin PBXProject section */
		81C6524C26A1C20B00F0EA35 /* Project object */ = {
			isa = PBXProject;
			attributes = {
				BuildIndependentTargetsInParallel = 1;
				LastSwiftUpdateCheck = 1300;
				LastUpgradeCheck = 1300;
				TargetAttributes = {
					81C6525326A1C20B00F0EA35 = {
						CreatedOnToolsVersion = 13.0;
					};
				};
			};
			buildConfigurationList = 81C6524F26A1C20B00F0EA35 /* Build configuration list for PBXProject "PracticalCoreData" */;
			compatibilityVersion = "Xcode 13.0";
			developmentRegion = en;
			hasScannedForEncodings = 0;
			knownRegions = (
				en,
				Base,
			);
			mainGroup = 81C6524B26A1C20B00F0EA35;
			packageReferences = (
				81C6526F26A1DB5D00F0EA35 /* XCRemoteSwiftPackageReference "SwiftUI-Introspect" */,
			);
			productRefGroup = 81C6525526A1C20B00F0EA35 /* Products */;
			projectDirPath = "";
			projectRoot = "";
			targets = (
				81C6525326A1C20B00F0EA35 /* PracticalCoreData */,
			);
		};
/* End PBXProject section */

/* Begin PBXResourcesBuildPhase section */
		81C6525226A1C20B00F0EA35 /* Resources */ = {
			isa = PBXResourcesBuildPhase;
			buildActionMask = 2147483647;
			files = (
				81C6525F26A1C20C00F0EA35 /* Preview Assets.xcassets in Resources */,
				81C6525C26A1C20C00F0EA35 /* Assets.xcassets in Resources */,
			);
			runOnlyForDeploymentPostprocessing = 0;
		};
/* End PBXResourcesBuildPhase section */

/* Begin PBXSourcesBuildPhase section */
		81C6525026A1C20B00F0EA35 /* Sources */ = {
			isa = PBXSourcesBuildPhase;
			buildActionMask = 2147483647;
			files = (
				81C6528226A22D9D00F0EA35 /* Movie+CoreDataClass.swift in Sources */,
				81C6527326A1E99F00F0EA35 /* MovieDetailView.swift in Sources */,
				81C6526926A1C3AF00F0EA35 /* StorageProvider.swift in Sources */,
				81C6528326A22D9D00F0EA35 /* Movie+CoreDataProperties.swift in Sources */,
				81C6525A26A1C20B00F0EA35 /* MovieListView.swift in Sources */,
				81C6527526A1EFEC00F0EA35 /* MovieEditView.swift in Sources */,
				81C6525826A1C20B00F0EA35 /* PracticalCoreDataApp.swift in Sources */,
				81D2A4A826A30F91004FB9CE /* Movie+PreviewProvider.swift in Sources */,
				81C6526726A1C2B400F0EA35 /* PracticalCoreData.xcdatamodeld in Sources */,
			);
			runOnlyForDeploymentPostprocessing = 0;
		};
/* End PBXSourcesBuildPhase section */

/* Begin XCBuildConfiguration section */
		81C6526026A1C20C00F0EA35 /* Debug */ = {
			isa = XCBuildConfiguration;
			buildSettings = {
				ALWAYS_SEARCH_USER_PATHS = NO;
				CLANG_ANALYZER_NONNULL = YES;
				CLANG_ANALYZER_NUMBER_OBJECT_CONVERSION = YES_AGGRESSIVE;
				CLANG_CXX_LANGUAGE_STANDARD = "gnu++17";
				CLANG_CXX_LIBRARY = "libc++";
				CLANG_ENABLE_MODULES = YES;
				CLANG_ENABLE_OBJC_ARC = YES;
				CLANG_ENABLE_OBJC_WEAK = YES;
				CLANG_WARN_BLOCK_CAPTURE_AUTORELEASING = YES;
				CLANG_WARN_BOOL_CONVERSION = YES;
				CLANG_WARN_COMMA = YES;
				CLANG_WARN_CONSTANT_CONVERSION = YES;
				CLANG_WARN_DEPRECATED_OBJC_IMPLEMENTATIONS = YES;
				CLANG_WARN_DIRECT_OBJC_ISA_USAGE = YES_ERROR;
				CLANG_WARN_DOCUMENTATION_COMMENTS = YES;
				CLANG_WARN_EMPTY_BODY = YES;
				CLANG_WARN_ENUM_CONVERSION = YES;
				CLANG_WARN_INFINITE_RECURSION = YES;
				CLANG_WARN_INT_CONVERSION = YES;
				CLANG_WARN_NON_LITERAL_NULL_CONVERSION = YES;
				CLANG_WARN_OBJC_IMPLICIT_RETAIN_SELF = YES;
				CLANG_WARN_OBJC_LITERAL_CONVERSION = YES;
				CLANG_WARN_OBJC_ROOT_CLASS = YES_ERROR;
				CLANG_WARN_QUOTED_INCLUDE_IN_FRAMEWORK_HEADER = YES;
				CLANG_WARN_RANGE_LOOP_ANALYSIS = YES;
				CLANG_WARN_STRICT_PROTOTYPES = YES;
				CLANG_WARN_SUSPICIOUS_MOVE = YES;
				CLANG_WARN_UNGUARDED_AVAILABILITY = YES_AGGRESSIVE;
				CLANG_WARN_UNREACHABLE_CODE = YES;
				CLANG_WARN__DUPLICATE_METHOD_MATCH = YES;
				COPY_PHASE_STRIP = NO;
				DEBUG_INFORMATION_FORMAT = dwarf;
				ENABLE_STRICT_OBJC_MSGSEND = YES;
				ENABLE_TESTABILITY = YES;
				GCC_C_LANGUAGE_STANDARD = gnu11;
				GCC_DYNAMIC_NO_PIC = NO;
				GCC_NO_COMMON_BLOCKS = YES;
				GCC_OPTIMIZATION_LEVEL = 0;
				GCC_PREPROCESSOR_DEFINITIONS = (
					"DEBUG=1",
					"$(inherited)",
				);
				GCC_WARN_64_TO_32_BIT_CONVERSION = YES;
				GCC_WARN_ABOUT_RETURN_TYPE = YES_ERROR;
				GCC_WARN_UNDECLARED_SELECTOR = YES;
				GCC_WARN_UNINITIALIZED_AUTOS = YES_AGGRESSIVE;
				GCC_WARN_UNUSED_FUNCTION = YES;
				GCC_WARN_UNUSED_VARIABLE = YES;
				IPHONEOS_DEPLOYMENT_TARGET = 15.0;
				MTL_ENABLE_DEBUG_INFO = INCLUDE_SOURCE;
				MTL_FAST_MATH = YES;
				ONLY_ACTIVE_ARCH = YES;
				SDKROOT = iphoneos;
				SWIFT_ACTIVE_COMPILATION_CONDITIONS = DEBUG;
				SWIFT_OPTIMIZATION_LEVEL = "-Onone";
			};
			name = Debug;
		};
		81C6526126A1C20C00F0EA35 /* Release */ = {
			isa = XCBuildConfiguration;
			buildSettings = {
				ALWAYS_SEARCH_USER_PATHS = NO;
				CLANG_ANALYZER_NONNULL = YES;
				CLANG_ANALYZER_NUMBER_OBJECT_CONVERSION = YES_AGGRESSIVE;
				CLANG_CXX_LANGUAGE_STANDARD = "gnu++17";
				CLANG_CXX_LIBRARY = "libc++";
				CLANG_ENABLE_MODULES = YES;
				CLANG_ENABLE_OBJC_ARC = YES;
				CLANG_ENABLE_OBJC_WEAK = YES;
				CLANG_WARN_BLOCK_CAPTURE_AUTORELEASING = YES;
				CLANG_WARN_BOOL_CONVERSION = YES;
				CLANG_WARN_COMMA = YES;
				CLANG_WARN_CONSTANT_CONVERSION = YES;
				CLANG_WARN_DEPRECATED_OBJC_IMPLEMENTATIONS = YES;
				CLANG_WARN_DIRECT_OBJC_ISA_USAGE = YES_ERROR;
				CLANG_WARN_DOCUMENTATION_COMMENTS = YES;
				CLANG_WARN_EMPTY_BODY = YES;
				CLANG_WARN_ENUM_CONVERSION = YES;
				CLANG_WARN_INFINITE_RECURSION = YES;
				CLANG_WARN_INT_CONVERSION = YES;
				CLANG_WARN_NON_LITERAL_NULL_CONVERSION = YES;
				CLANG_WARN_OBJC_IMPLICIT_RETAIN_SELF = YES;
				CLANG_WARN_OBJC_LITERAL_CONVERSION = YES;
				CLANG_WARN_OBJC_ROOT_CLASS = YES_ERROR;
				CLANG_WARN_QUOTED_INCLUDE_IN_FRAMEWORK_HEADER = YES;
				CLANG_WARN_RANGE_LOOP_ANALYSIS = YES;
				CLANG_WARN_STRICT_PROTOTYPES = YES;
				CLANG_WARN_SUSPICIOUS_MOVE = YES;
				CLANG_WARN_UNGUARDED_AVAILABILITY = YES_AGGRESSIVE;
				CLANG_WARN_UNREACHABLE_CODE = YES;
				CLANG_WARN__DUPLICATE_METHOD_MATCH = YES;
				COPY_PHASE_STRIP = NO;
				DEBUG_INFORMATION_FORMAT = "dwarf-with-dsym";
				ENABLE_NS_ASSERTIONS = NO;
				ENABLE_STRICT_OBJC_MSGSEND = YES;
				GCC_C_LANGUAGE_STANDARD = gnu11;
				GCC_NO_COMMON_BLOCKS = YES;
				GCC_WARN_64_TO_32_BIT_CONVERSION = YES;
				GCC_WARN_ABOUT_RETURN_TYPE = YES_ERROR;
				GCC_WARN_UNDECLARED_SELECTOR = YES;
				GCC_WARN_UNINITIALIZED_AUTOS = YES_AGGRESSIVE;
				GCC_WARN_UNUSED_FUNCTION = YES;
				GCC_WARN_UNUSED_VARIABLE = YES;
				IPHONEOS_DEPLOYMENT_TARGET = 15.0;
				MTL_ENABLE_DEBUG_INFO = NO;
				MTL_FAST_MATH = YES;
				SDKROOT = iphoneos;
				SWIFT_COMPILATION_MODE = wholemodule;
				SWIFT_OPTIMIZATION_LEVEL = "-O";
				VALIDATE_PRODUCT = YES;
			};
			name = Release;
		};
		81C6526326A1C20C00F0EA35 /* Debug */ = {
			isa = XCBuildConfiguration;
			buildSettings = {
				ASSETCATALOG_COMPILER_APPICON_NAME = AppIcon;
				ASSETCATALOG_COMPILER_GLOBAL_ACCENT_COLOR_NAME = AccentColor;
				CODE_SIGN_STYLE = Automatic;
				CURRENT_PROJECT_VERSION = 1;
				DEVELOPMENT_ASSET_PATHS = "\"PracticalCoreData/Preview Content\"";
				DEVELOPMENT_TEAM = U2ZN2W2UQJ;
				ENABLE_PREVIEWS = YES;
				GENERATE_INFOPLIST_FILE = YES;
				INFOPLIST_KEY_UIApplicationSceneManifest_Generation = YES;
				INFOPLIST_KEY_UIApplicationSupportsIndirectInputEvents = YES;
				INFOPLIST_KEY_UILaunchScreen_Generation = YES;
				INFOPLIST_KEY_UISupportedInterfaceOrientations_iPad = "UIInterfaceOrientationPortrait UIInterfaceOrientationPortraitUpsideDown UIInterfaceOrientationLandscapeLeft UIInterfaceOrientationLandscapeRight";
				INFOPLIST_KEY_UISupportedInterfaceOrientations_iPhone = "UIInterfaceOrientationPortrait UIInterfaceOrientationLandscapeLeft UIInterfaceOrientationLandscapeRight";
				IPHONEOS_DEPLOYMENT_TARGET = 15.0;
				LD_RUNPATH_SEARCH_PATHS = (
					"$(inherited)",
					"@executable_path/Frameworks",
				);
				MARKETING_VERSION = 1.0;
				PRODUCT_BUNDLE_IDENTIFIER = ca.russellgordon.PracticalCoreData;
				PRODUCT_NAME = "$(TARGET_NAME)";
				SWIFT_EMIT_LOC_STRINGS = YES;
				SWIFT_VERSION = 5.0;
				TARGETED_DEVICE_FAMILY = "1,2";
			};
			name = Debug;
		};
		81C6526426A1C20C00F0EA35 /* Release */ = {
			isa = XCBuildConfiguration;
			buildSettings = {
				ASSETCATALOG_COMPILER_APPICON_NAME = AppIcon;
				ASSETCATALOG_COMPILER_GLOBAL_ACCENT_COLOR_NAME = AccentColor;
				CODE_SIGN_STYLE = Automatic;
				CURRENT_PROJECT_VERSION = 1;
				DEVELOPMENT_ASSET_PATHS = "\"PracticalCoreData/Preview Content\"";
				DEVELOPMENT_TEAM = U2ZN2W2UQJ;
				ENABLE_PREVIEWS = YES;
				GENERATE_INFOPLIST_FILE = YES;
				INFOPLIST_KEY_UIApplicationSceneManifest_Generation = YES;
				INFOPLIST_KEY_UIApplicationSupportsIndirectInputEvents = YES;
				INFOPLIST_KEY_UILaunchScreen_Generation = YES;
				INFOPLIST_KEY_UISupportedInterfaceOrientations_iPad = "UIInterfaceOrientationPortrait UIInterfaceOrientationPortraitUpsideDown UIInterfaceOrientationLandscapeLeft UIInterfaceOrientationLandscapeRight";
				INFOPLIST_KEY_UISupportedInterfaceOrientations_iPhone = "UIInterfaceOrientationPortrait UIInterfaceOrientationLandscapeLeft UIInterfaceOrientationLandscapeRight";
				IPHONEOS_DEPLOYMENT_TARGET = 15.0;
				LD_RUNPATH_SEARCH_PATHS = (
					"$(inherited)",
					"@executable_path/Frameworks",
				);
				MARKETING_VERSION = 1.0;
				PRODUCT_BUNDLE_IDENTIFIER = ca.russellgordon.PracticalCoreData;
				PRODUCT_NAME = "$(TARGET_NAME)";
				SWIFT_EMIT_LOC_STRINGS = YES;
				SWIFT_VERSION = 5.0;
				TARGETED_DEVICE_FAMILY = "1,2";
			};
			name = Release;
		};
/* End XCBuildConfiguration section */

/* Begin XCConfigurationList section */
		81C6524F26A1C20B00F0EA35 /* Build configuration list for PBXProject "PracticalCoreData" */ = {
			isa = XCConfigurationList;
			buildConfigurations = (
				81C6526026A1C20C00F0EA35 /* Debug */,
				81C6526126A1C20C00F0EA35 /* Release */,
			);
			defaultConfigurationIsVisible = 0;
			defaultConfigurationName = Release;
		};
		81C6526226A1C20C00F0EA35 /* Build configuration list for PBXNativeTarget "PracticalCoreData" */ = {
			isa = XCConfigurationList;
			buildConfigurations = (
				81C6526326A1C20C00F0EA35 /* Debug */,
				81C6526426A1C20C00F0EA35 /* Release */,
			);
			defaultConfigurationIsVisible = 0;
			defaultConfigurationName = Release;
		};
/* End XCConfigurationList section */

/* Begin XCRemoteSwiftPackageReference section */
		81C6526F26A1DB5D00F0EA35 /* XCRemoteSwiftPackageReference "SwiftUI-Introspect" */ = {
			isa = XCRemoteSwiftPackageReference;
			repositoryURL = "https://github.com/timbersoftware/SwiftUI-Introspect.git";
			requirement = {
				kind = upToNextMajorVersion;
				minimumVersion = 0.1.3;
			};
		};
/* End XCRemoteSwiftPackageReference section */

/* Begin XCSwiftPackageProductDependency section */
		81C6527026A1DB5D00F0EA35 /* Introspect */ = {
			isa = XCSwiftPackageProductDependency;
			package = 81C6526F26A1DB5D00F0EA35 /* XCRemoteSwiftPackageReference "SwiftUI-Introspect" */;
			productName = Introspect;
		};
/* End XCSwiftPackageProductDependency section */

/* Begin XCVersionGroup section */
		81C6526526A1C2B400F0EA35 /* PracticalCoreData.xcdatamodeld */ = {
			isa = XCVersionGroup;
			children = (
				81C6526626A1C2B400F0EA35 /* PracticalCoreData.xcdatamodel */,
			);
			currentVersion = 81C6526626A1C2B400F0EA35 /* PracticalCoreData.xcdatamodel */;
			path = PracticalCoreData.xcdatamodeld;
			sourceTree = "<group>";
			versionGroupType = wrapper.xcdatamodel;
		};
/* End XCVersionGroup section */
	};
	rootObject = 81C6524C26A1C20B00F0EA35 /* Project object */;
}
